
Microsoft Visual Studio Solution File, Format Version 12.00
# Visual Studio Version 16
VisualStudioVersion = 16.0.29728.190
MinimumVisualStudioVersion = 10.0.40219.1
Project("{2150E333-8FDC-42A3-9474-1A3956D46DE8}") = "Environment", "Environment", "{850CE159-5CAD-42B5-9EFE-783FB8EDF7B7}"
EndProject
Project("{2150E333-8FDC-42A3-9474-1A3956D46DE8}") = "Feature", "Feature", "{192767BF-0AEB-44BC-AD0B-283EDD193D28}"
EndProject
Project("{2150E333-8FDC-42A3-9474-1A3956D46DE8}") = "Foundation", "Foundation", "{68BB4A8A-6135-469F-9362-4C2C00704015}"
EndProject
Project("{2150E333-8FDC-42A3-9474-1A3956D46DE8}") = "Project", "Project", "{BB8C6943-F803-4E25-BEB2-BABDDD33943D}"
EndProject
Project("{FAE04EC0-301F-11D3-BF4B-00C04F79EFBC}") = "TAC.Sitecore.Abstractions", "Foundation\TAC.Sitecore.Abstractions\TAC.Sitecore.Abstractions.csproj", "{71417F51-8B93-4F15-A2BB-BB12FE286B24}"
EndProject
Project("{2150E333-8FDC-42A3-9474-1A3956D46DE8}") = "BreadcrumbRed", "BreadcrumbRed", "{541D4C8C-B767-4E98-B0A9-58E383F498A9}"
EndProject
Project("{FAE04EC0-301F-11D3-BF4B-00C04F79EFBC}") = "events.tac.local", "Project\events.tac.local\events.tac.local.csproj", "{0A34F954-7EEA-4E86-958A-F38FD54EC77E}"
EndProject
Project("{FAE04EC0-301F-11D3-BF4B-00C04F79EFBC}") = "events.tac.BreadcrumRed", "Feature\BreadcrumbRed\events.tac.BreadcrumRed\events.tac.BreadcrumRed.csproj", "{1674F4DD-EEA3-43DE-904A-8C9098A72EF1}"
EndProject
Project("{2150E333-8FDC-42A3-9474-1A3956D46DE8}") = "Navigation", "Navigation", "{D5C28AF9-F788-47B2-AAF9-DB065E019A8C}"
EndProject
Project("{FAE04EC0-301F-11D3-BF4B-00C04F79EFBC}") = "TAC.Sitecore.Models", "Foundation\TAC.Sitecore.Models\TAC.Sitecore.Models.csproj", "{9D5B2ADD-6022-47A9-A0AC-87C52422C688}"
EndProject
Project("{CAA73BB0-EF22-4D79-A57E-DF67B3BA9C80}") = "Dev", "Environment\Dev\Dev.scproj", "{6E19DC49-5D81-4C0A-BE37-DA7F1E3F07E6}"
EndProject
Project("{FAE04EC0-301F-11D3-BF4B-00C04F79EFBC}") = "events.tac.Navigation", "Feature\Navigation\events.tac.Navigation\events.tac.Navigation.csproj", "{0F82FC74-25D9-4F4E-8AB5-C141FDFDCC1A}"
EndProject
Global
	GlobalSection(SolutionConfigurationPlatforms) = preSolution
		Debug|Any CPU = Debug|Any CPU
		Release|Any CPU = Release|Any CPU
	EndGlobalSection
	GlobalSection(ProjectConfigurationPlatforms) = postSolution
		{71417F51-8B93-4F15-A2BB-BB12FE286B24}.Debug|Any CPU.ActiveCfg = Debug|Any CPU
		{71417F51-8B93-4F15-A2BB-BB12FE286B24}.Debug|Any CPU.Build.0 = Debug|Any CPU
		{71417F51-8B93-4F15-A2BB-BB12FE286B24}.Release|Any CPU.ActiveCfg = Release|Any CPU
		{71417F51-8B93-4F15-A2BB-BB12FE286B24}.Release|Any CPU.Build.0 = Release|Any CPU
		{0A34F954-7EEA-4E86-958A-F38FD54EC77E}.Debug|Any CPU.ActiveCfg = Debug|Any CPU
		{0A34F954-7EEA-4E86-958A-F38FD54EC77E}.Debug|Any CPU.Build.0 = Debug|Any CPU
		{0A34F954-7EEA-4E86-958A-F38FD54EC77E}.Release|Any CPU.ActiveCfg = Release|Any CPU
		{0A34F954-7EEA-4E86-958A-F38FD54EC77E}.Release|Any CPU.Build.0 = Release|Any CPU
		{1674F4DD-EEA3-43DE-904A-8C9098A72EF1}.Debug|Any CPU.ActiveCfg = Debug|Any CPU
		{1674F4DD-EEA3-43DE-904A-8C9098A72EF1}.Debug|Any CPU.Build.0 = Debug|Any CPU
		{1674F4DD-EEA3-43DE-904A-8C9098A72EF1}.Release|Any CPU.ActiveCfg = Release|Any CPU
		{1674F4DD-EEA3-43DE-904A-8C9098A72EF1}.Release|Any CPU.Build.0 = Release|Any CPU
		{9D5B2ADD-6022-47A9-A0AC-87C52422C688}.Debug|Any CPU.ActiveCfg = Debug|Any CPU
		{9D5B2ADD-6022-47A9-A0AC-87C52422C688}.Debug|Any CPU.Build.0 = Debug|Any CPU
		{9D5B2ADD-6022-47A9-A0AC-87C52422C688}.Release|Any CPU.ActiveCfg = Release|Any CPU
		{9D5B2ADD-6022-47A9-A0AC-87C52422C688}.Release|Any CPU.Build.0 = Release|Any CPU
		{6E19DC49-5D81-4C0A-BE37-DA7F1E3F07E6}.Debug|Any CPU.ActiveCfg = Debug|Any CPU
		{6E19DC49-5D81-4C0A-BE37-DA7F1E3F07E6}.Debug|Any CPU.Build.0 = Debug|Any CPU
		{6E19DC49-5D81-4C0A-BE37-DA7F1E3F07E6}.Debug|Any CPU.Deploy.0 = Debug|Any CPU
		{6E19DC49-5D81-4C0A-BE37-DA7F1E3F07E6}.Release|Any CPU.ActiveCfg = Release|Any CPU
		{6E19DC49-5D81-4C0A-BE37-DA7F1E3F07E6}.Release|Any CPU.Build.0 = Release|Any CPU
		{6E19DC49-5D81-4C0A-BE37-DA7F1E3F07E6}.Release|Any CPU.Deploy.0 = Release|Any CPU
		{0F82FC74-25D9-4F4E-8AB5-C141FDFDCC1A}.Debug|Any CPU.ActiveCfg = Debug|Any CPU
		{0F82FC74-25D9-4F4E-8AB5-C141FDFDCC1A}.Debug|Any CPU.Build.0 = Debug|Any CPU
		{0F82FC74-25D9-4F4E-8AB5-C141FDFDCC1A}.Release|Any CPU.ActiveCfg = Release|Any CPU
		{0F82FC74-25D9-4F4E-8AB5-C141FDFDCC1A}.Release|Any CPU.Build.0 = Release|Any CPU
	EndGlobalSection
	GlobalSection(SolutionProperties) = preSolution
		HideSolutionNode = FALSE
	EndGlobalSection
	GlobalSection(NestedProjects) = preSolution
		{71417F51-8B93-4F15-A2BB-BB12FE286B24} = {68BB4A8A-6135-469F-9362-4C2C00704015}
		{541D4C8C-B767-4E98-B0A9-58E383F498A9} = {192767BF-0AEB-44BC-AD0B-283EDD193D28}
		{0A34F954-7EEA-4E86-958A-F38FD54EC77E} = {BB8C6943-F803-4E25-BEB2-BABDDD33943D}
		{1674F4DD-EEA3-43DE-904A-8C9098A72EF1} = {541D4C8C-B767-4E98-B0A9-58E383F498A9}
		{D5C28AF9-F788-47B2-AAF9-DB065E019A8C} = {192767BF-0AEB-44BC-AD0B-283EDD193D28}
		{9D5B2ADD-6022-47A9-A0AC-87C52422C688} = {68BB4A8A-6135-469F-9362-4C2C00704015}
		{6E19DC49-5D81-4C0A-BE37-DA7F1E3F07E6} = {850CE159-5CAD-42B5-9EFE-783FB8EDF7B7}
		{0F82FC74-25D9-4F4E-8AB5-C141FDFDCC1A} = {D5C28AF9-F788-47B2-AAF9-DB065E019A8C}
	EndGlobalSection
	GlobalSection(ExtensibilityGlobals) = postSolution
		SolutionGuid = {E2F557BC-2B5D-4A8A-B404-216BA3EA2093}
	EndGlobalSection
EndGlobal
